
Microsoft Visual Studio Solution File, Format Version 12.00
# Visual Studio Version 17
VisualStudioVersion = 17.0.31903.59
MinimumVisualStudioVersion = 10.0.40219.1
Project("{FAE04EC0-301F-11D3-BF4B-00C04F79EFBC}") = "ContosoDashboard", "ContosoDashboard\ContosoDashboard.csproj", "{5CD46C52-0A91-445A-959D-2AA9AE458816}"
EndProject
Project("{FAE04EC0-301F-11D3-BF4B-00C04F79EFBC}") = "ContosoDashboard.Tests", "ContosoDashboard.Tests\ContosoDashboard.Tests.csproj", "{0D72948C-A903-4D24-8501-5A5C840DEB63}"
EndProject
Global
	GlobalSection(SolutionConfigurationPlatforms) = preSolution
		Debug|Any CPU = Debug|Any CPU
		Debug|x64 = Debug|x64
		Debug|x86 = Debug|x86
		Release|Any CPU = Release|Any CPU
		Release|x64 = Release|x64
		Release|x86 = Release|x86
	EndGlobalSection
	GlobalSection(ProjectConfigurationPlatforms) = postSolution
		{5CD46C52-0A91-445A-959D-2AA9AE458816}.Debug|Any CPU.ActiveCfg = Debug|Any CPU
		{5CD46C52-0A91-445A-959D-2AA9AE458816}.Debug|Any CPU.Build.0 = Debug|Any CPU
		{5CD46C52-0A91-445A-959D-2AA9AE458816}.Debug|x64.ActiveCfg = Debug|Any CPU
		{5CD46C52-0A91-445A-959D-2AA9AE458816}.Debug|x64.Build.0 = Debug|Any CPU
		{5CD46C52-0A91-445A-959D-2AA9AE458816}.Debug|x86.ActiveCfg = Debug|Any CPU
		{5CD46C52-0A91-445A-959D-2AA9AE458816}.Debug|x86.Build.0 = Debug|Any CPU
		{5CD46C52-0A91-445A-959D-2AA9AE458816}.Release|Any CPU.ActiveCfg = Release|Any CPU
		{5CD46C52-0A91-445A-959D-2AA9AE458816}.Release|Any CPU.Build.0 = Release|Any CPU
		{5CD46C52-0A91-445A-959D-2AA9AE458816}.Release|x64.ActiveCfg = Release|Any CPU
		{5CD46C52-0A91-445A-959D-2AA9AE458816}.Release|x64.Build.0 = Release|Any CPU
		{5CD46C52-0A91-445A-959D-2AA9AE458816}.Release|x86.ActiveCfg = Release|Any CPU
		{5CD46C52-0A91-445A-959D-2AA9AE458816}.Release|x86.Build.0 = Release|Any CPU
		{0D72948C-A903-4D24-8501-5A5C840DEB63}.Debug|Any CPU.ActiveCfg = Debug|Any CPU
		{0D72948C-A903-4D24-8501-5A5C840DEB63}.Debug|Any CPU.Build.0 = Debug|Any CPU
		{0D72948C-A903-4D24-8501-5A5C840DEB63}.Debug|x64.ActiveCfg = Debug|Any CPU
		{0D72948C-A903-4D24-8501-5A5C840DEB63}.Debug|x64.Build.0 = Debug|Any CPU
		{0D72948C-A903-4D24-8501-5A5C840DEB63}.Debug|x86.ActiveCfg = Debug|Any CPU
		{0D72948C-A903-4D24-8501-5A5C840DEB63}.Debug|x86.Build.0 = Debug|Any CPU
		{0D72948C-A903-4D24-8501-5A5C840DEB63}.Release|Any CPU.ActiveCfg = Release|Any CPU
		{0D72948C-A903-4D24-8501-5A5C840DEB63}.Release|Any CPU.Build.0 = Release|Any CPU
		{0D72948C-A903-4D24-8501-5A5C840DEB63}.Release|x64.ActiveCfg = Release|Any CPU
		{0D72948C-A903-4D24-8501-5A5C840DEB63}.Release|x64.Build.0 = Release|Any CPU
		{0D72948C-A903-4D24-8501-5A5C840DEB63}.Release|x86.ActiveCfg = Release|Any CPU
		{0D72948C-A903-4D24-8501-5A5C840DEB63}.Release|x86.Build.0 = Release|Any CPU
	EndGlobalSection
	GlobalSection(SolutionProperties) = preSolution
		HideSolutionNode = FALSE
	EndGlobalSection
EndGlobal
